
Microsoft Visual Studio Solution File, Format Version 12.00
# Visual Studio Version 17
VisualStudioVersion = 17.6.33829.357
MinimumVisualStudioVersion = 10.0.40219.1
Project("{8BC9CEB8-8B4A-11D0-8D11-00A0C91BC942}") = "C-Touhou", "C-Touhou\C-Touhou.vcxproj", "{A10FA271-EBC3-4B91-AE3C-242B7403E9BC}"
EndProject
Global
	GlobalSection(SolutionConfigurationPlatforms) = preSolution
		Debug|x64 = Debug|x64
		Debug|x86 = Debug|x86
		Release|x64 = Release|x64
		Release|x86 = Release|x86
	EndGlobalSection
	GlobalSection(ProjectConfigurationPlatforms) = postSolution
		{A10FA271-EBC3-4B91-AE3C-242B7403E9BC}.Debug|x64.ActiveCfg = Debug|x64
		{A10FA271-EBC3-4B91-AE3C-242B7403E9BC}.Debug|x64.Build.0 = Debug|x64
		{A10FA271-EBC3-4B91-AE3C-242B7403E9BC}.Debug|x86.ActiveCfg = Debug|Win32
		{A10FA271-EBC3-4B91-AE3C-242B7403E9BC}.Debug|x86.Build.0 = Debug|Win32
		{A10FA271-EBC3-4B91-AE3C-242B7403E9BC}.Release|x64.ActiveCfg = Release|x64
		{A10FA271-EBC3-4B91-AE3C-242B7403E9BC}.Release|x64.Build.0 = Release|x64
		{A10FA271-EBC3-4B91-AE3C-242B7403E9BC}.Release|x86.ActiveCfg = Release|Win32
		{A10FA271-EBC3-4B91-AE3C-242B7403E9BC}.Release|x86.Build.0 = Release|Win32
	EndGlobalSection
	GlobalSection(SolutionProperties) = preSolution
		HideSolutionNode = FALSE
	EndGlobalSection
	GlobalSection(ExtensibilityGlobals) = postSolution
		SolutionGuid = {D89B0B27-25BF-4379-92E7-E251A6E478F6}
	EndGlobalSection
EndGlobal
